// !$*UTF8*$!
{
	archiveVersion = 1;
	classes = {
	};
	objectVersion = 46;
	objects = {

/* Begin PBXBuildFile section */
		0BA347C510FD0A81002D46D1 /* main.m in Sources */ = {isa = PBXBuildFile; fileRef = 0BA347BD10FD0A81002D46D1 /* main.m */; };
		0BA347C610FD0A81002D46D1 /* AppController.m in Sources */ = {isa = PBXBuildFile; fileRef = 0BA347C010FD0A81002D46D1 /* AppController.m */; };
		1DDD58160DA1D0A300B32029 /* MainMenu.xib in Resources */ = {isa = PBXBuildFile; fileRef = 1DDD58140DA1D0A300B32029 /* MainMenu.xib */; };
		56C140792487231100C98DD2 /* Cocoa.framework in Frameworks */ = {isa = PBXBuildFile; fileRef = 56C140782487231100C98DD2 /* Cocoa.framework */; };
		56C1407B2487232900C98DD2 /* AppKit.framework in Frameworks */ = {isa = PBXBuildFile; fileRef = 56C1407A2487232900C98DD2 /* AppKit.framework */; };
		56C1407D2487233300C98DD2 /* CoreData.framework in Frameworks */ = {isa = PBXBuildFile; fileRef = 56C1407C2487233300C98DD2 /* CoreData.framework */; };
		56C1407F2487234100C98DD2 /* Foundation.framework in Frameworks */ = {isa = PBXBuildFile; fileRef = 56C1407E2487234100C98DD2 /* Foundation.framework */; };
		8D11072B0486CEB800E47090 /* InfoPlist.strings in Resources */ = {isa = PBXBuildFile; fileRef = 089C165CFE840E0CC02AAC07 /* InfoPlist.strings */; };
		D181C87A2966106F008D11D8 /* WindowController.m in Sources */ = {isa = PBXBuildFile; fileRef = D181C8792966106F008D11D8 /* WindowController.m */; };
		D1C717F4296F57BE00C273F9 /* NSAppleEventDescriptorHelperCategory.m in Sources */ = {isa = PBXBuildFile; fileRef = D1C717EF296F57BD00C273F9 /* NSAppleEventDescriptorHelperCategory.m */; };
		D1C717F5296F57BE00C273F9 /* WacomTabletDriver.m in Sources */ = {isa = PBXBuildFile; fileRef = D1C717F2296F57BD00C273F9 /* WacomTabletDriver.m */; };
/* End PBXBuildFile section */

/* Begin PBXFileReference section */
		0BA347BD10FD0A81002D46D1 /* main.m */ = {isa = PBXFileReference; fileEncoding = 4; lastKnownFileType = sourcecode.c.objc; path = main.m; sourceTree = "<group>"; };
		0BA347BE10FD0A81002D46D1 /* TabletMapping_Prefix.pch */ = {isa = PBXFileReference; fileEncoding = 4; lastKnownFileType = sourcecode.c.h; path = TabletMapping_Prefix.pch; sourceTree = "<group>"; };
		0BA347BF10FD0A81002D46D1 /* AppController.h */ = {isa = PBXFileReference; fileEncoding = 4; lastKnownFileType = sourcecode.c.h; path = AppController.h; sourceTree = "<group>"; };
		0BA347C010FD0A81002D46D1 /* AppController.m */ = {isa = PBXFileReference; fileEncoding = 4; lastKnownFileType = sourcecode.c.objc; path = AppController.m; sourceTree = "<group>"; };
		56C140782487231100C98DD2 /* Cocoa.framework */ = {isa = PBXFileReference; lastKnownFileType = wrapper.framework; name = Cocoa.framework; path = System/Library/Frameworks/Cocoa.framework; sourceTree = SDKROOT; };
		56C1407A2487232900C98DD2 /* AppKit.framework */ = {isa = PBXFileReference; lastKnownFileType = wrapper.framework; name = AppKit.framework; path = System/Library/Frameworks/AppKit.framework; sourceTree = SDKROOT; };
		56C1407C2487233300C98DD2 /* CoreData.framework */ = {isa = PBXFileReference; lastKnownFileType = wrapper.framework; name = CoreData.framework; path = System/Library/Frameworks/CoreData.framework; sourceTree = SDKROOT; };
		56C1407E2487234100C98DD2 /* Foundation.framework */ = {isa = PBXFileReference; lastKnownFileType = wrapper.framework; name = Foundation.framework; path = System/Library/Frameworks/Foundation.framework; sourceTree = SDKROOT; };
		56C140802488554000C98DD2 /* Tablet Mapping.entitlements */ = {isa = PBXFileReference; lastKnownFileType = text.plist.entitlements; path = "Tablet Mapping.entitlements"; sourceTree = "<group>"; };
		8D1107310486CEB800E47090 /* TabletMapping-Info.plist */ = {isa = PBXFileReference; fileEncoding = 4; lastKnownFileType = text.plist.xml; path = "TabletMapping-Info.plist"; sourceTree = "<group>"; };
		8D1107320486CEB800E47090 /* Tablet Mapping.app */ = {isa = PBXFileReference; explicitFileType = wrapper.application; includeInIndex = 0; path = "Tablet Mapping.app"; sourceTree = BUILT_PRODUCTS_DIR; };
		D181C8782966106F008D11D8 /* WindowController.h */ = {isa = PBXFileReference; lastKnownFileType = sourcecode.c.h; path = WindowController.h; sourceTree = "<group>"; };
		D181C8792966106F008D11D8 /* WindowController.m */ = {isa = PBXFileReference; lastKnownFileType = sourcecode.c.objc; path = WindowController.m; sourceTree = "<group>"; };
		D1C717EF296F57BD00C273F9 /* NSAppleEventDescriptorHelperCategory.m */ = {isa = PBXFileReference; fileEncoding = 4; lastKnownFileType = sourcecode.c.objc; path = NSAppleEventDescriptorHelperCategory.m; sourceTree = "<group>"; };
		D1C717F0296F57BD00C273F9 /* TabletAEDictionary.h */ = {isa = PBXFileReference; fileEncoding = 4; lastKnownFileType = sourcecode.c.h; path = TabletAEDictionary.h; sourceTree = "<group>"; };
		D1C717F1296F57BD00C273F9 /* NSAppleEventDescriptorHelperCategory.h */ = {isa = PBXFileReference; fileEncoding = 4; lastKnownFileType = sourcecode.c.h; path = NSAppleEventDescriptorHelperCategory.h; sourceTree = "<group>"; };
		D1C717F2296F57BD00C273F9 /* WacomTabletDriver.m */ = {isa = PBXFileReference; fileEncoding = 4; lastKnownFileType = sourcecode.c.objc; path = WacomTabletDriver.m; sourceTree = "<group>"; };
		D1C717F3296F57BD00C273F9 /* WacomTabletDriver.h */ = {isa = PBXFileReference; fileEncoding = 4; lastKnownFileType = sourcecode.c.h; path = WacomTabletDriver.h; sourceTree = "<group>"; };
		DB2CEDB823A3513B00F519DC /* en */ = {isa = PBXFileReference; lastKnownFileType = text.plist.strings; name = en; path = en.lproj/InfoPlist.strings; sourceTree = "<group>"; };
		DBF4ED1723A3512600F0FB0D /* Base */ = {isa = PBXFileReference; lastKnownFileType = file.xib; name = Base; path = Base.lproj/MainMenu.xib; sourceTree = "<group>"; };
/* End PBXFileReference section */

/* Begin PBXFrameworksBuildPhase section */
		8D11072E0486CEB800E47090 /* Frameworks */ = {
			isa = PBXFrameworksBuildPhase;
			buildActionMask = 2147483647;
			files = (
				56C1407F2487234100C98DD2 /* Foundation.framework in Frameworks */,
				56C1407D2487233300C98DD2 /* CoreData.framework in Frameworks */,
				56C1407B2487232900C98DD2 /* AppKit.framework in Frameworks */,
				56C140792487231100C98DD2 /* Cocoa.framework in Frameworks */,
			);
			runOnlyForDeploymentPostprocessing = 0;
		};
/* End PBXFrameworksBuildPhase section */

/* Begin PBXGroup section */
		03B16358249153680049096D /* Wacom */ = {
			isa = PBXGroup;
			children = (
				D1C717F1296F57BD00C273F9 /* NSAppleEventDescriptorHelperCategory.h */,
				D1C717EF296F57BD00C273F9 /* NSAppleEventDescriptorHelperCategory.m */,
				D1C717F0296F57BD00C273F9 /* TabletAEDictionary.h */,
				D1C717F3296F57BD00C273F9 /* WacomTabletDriver.h */,
				D1C717F2296F57BD00C273F9 /* WacomTabletDriver.m */,
			);
			path = Wacom;
			sourceTree = "<group>";
		};
		0BA347BB10FD0A81002D46D1 /* Source */ = {
			isa = PBXGroup;
			children = (
				03B16358249153680049096D /* Wacom */,
				0BA347BC10FD0A81002D46D1 /* App */,
			);
			path = Source;
			sourceTree = "<group>";
		};
		0BA347BC10FD0A81002D46D1 /* App */ = {
			isa = PBXGroup;
			children = (
				0BA347BD10FD0A81002D46D1 /* main.m */,
				0BA347BE10FD0A81002D46D1 /* TabletMapping_Prefix.pch */,
				0BA347BF10FD0A81002D46D1 /* AppController.h */,
				0BA347C010FD0A81002D46D1 /* AppController.m */,
				D181C8782966106F008D11D8 /* WindowController.h */,
				D181C8792966106F008D11D8 /* WindowController.m */,
			);
			path = App;
			sourceTree = "<group>";
		};
		19C28FACFE9D520D11CA2CBB /* Products */ = {
			isa = PBXGroup;
			children = (
				8D1107320486CEB800E47090 /* Tablet Mapping.app */,
			);
			name = Products;
			sourceTree = "<group>";
		};
		29B97314FDCFA39411CA2CEA /* Tablet Events Only Cocoa */ = {
			isa = PBXGroup;
			children = (
				56C140802488554000C98DD2 /* Tablet Mapping.entitlements */,
				0BA347BB10FD0A81002D46D1 /* Source */,
				29B97317FDCFA39411CA2CEA /* Resources */,
				29B97323FDCFA39411CA2CEA /* Frameworks */,
				19C28FACFE9D520D11CA2CBB /* Products */,
			);
			name = "Tablet Events Only Cocoa";
			sourceTree = "<group>";
		};
		29B97317FDCFA39411CA2CEA /* Resources */ = {
			isa = PBXGroup;
			children = (
				8D1107310486CEB800E47090 /* TabletMapping-Info.plist */,
				089C165CFE840E0CC02AAC07 /* InfoPlist.strings */,
				1DDD58140DA1D0A300B32029 /* MainMenu.xib */,
			);
			name = Resources;
			sourceTree = "<group>";
		};
		29B97323FDCFA39411CA2CEA /* Frameworks */ = {
			isa = PBXGroup;
			children = (
				56C1407E2487234100C98DD2 /* Foundation.framework */,
				56C1407C2487233300C98DD2 /* CoreData.framework */,
				56C1407A2487232900C98DD2 /* AppKit.framework */,
				56C140782487231100C98DD2 /* Cocoa.framework */,
			);
			name = Frameworks;
			sourceTree = "<group>";
		};
/* End PBXGroup section */

/* Begin PBXNativeTarget section */
		8D1107260486CEB800E47090 /* Tablet Mapping */ = {
			isa = PBXNativeTarget;
			buildConfigurationList = C01FCF4A08A954540054247B /* Build configuration list for PBXNativeTarget "Tablet Mapping" */;
			buildPhases = (
				8D1107290486CEB800E47090 /* Resources */,
				8D11072C0486CEB800E47090 /* Sources */,
				8D11072E0486CEB800E47090 /* Frameworks */,
			);
			buildRules = (
			);
			dependencies = (
			);
			name = "Tablet Mapping";
			productInstallPath = "$(HOME)/Applications";
			productName = "Tablet Events Only Cocoa";
			productReference = 8D1107320486CEB800E47090 /* Tablet Mapping.app */;
			productType = "com.apple.product-type.application";
		};
/* End PBXNativeTarget section */

/* Begin PBXProject section */
		29B97313FDCFA39411CA2CEA /* Project object */ = {
			isa = PBXProject;
			attributes = {
				LastUpgradeCheck = 1120;
				TargetAttributes = {
					8D1107260486CEB800E47090 = {
						SystemCapabilities = {
							com.apple.HardenedRuntime = {
								enabled = 1;
							};
							com.apple.Sandbox = {
								enabled = 1;
							};
						};
					};
				};
			};
			buildConfigurationList = C01FCF4E08A954540054247B /* Build configuration list for PBXProject "TabletMapping" */;
			compatibilityVersion = "Xcode 3.2";
			developmentRegion = en;
			hasScannedForEncodings = 1;
			knownRegions = (
				Base,
				en,
			);
			mainGroup = 29B97314FDCFA39411CA2CEA /* Tablet Events Only Cocoa */;
			projectDirPath = "";
			projectRoot = "";
			targets = (
				8D1107260486CEB800E47090 /* Tablet Mapping */,
			);
		};
/* End PBXProject section */

/* Begin PBXResourcesBuildPhase section */
		8D1107290486CEB800E47090 /* Resources */ = {
			isa = PBXResourcesBuildPhase;
			buildActionMask = 2147483647;
			files = (
				8D11072B0486CEB800E47090 /* InfoPlist.strings in Resources */,
				1DDD58160DA1D0A300B32029 /* MainMenu.xib in Resources */,
			);
			runOnlyForDeploymentPostprocessing = 0;
		};
/* End PBXResourcesBuildPhase section */

/* Begin PBXSourcesBuildPhase section */
		8D11072C0486CEB800E47090 /* Sources */ = {
			isa = PBXSourcesBuildPhase;
			buildActionMask = 2147483647;
			files = (
				D181C87A2966106F008D11D8 /* WindowController.m in Sources */,
				0BA347C510FD0A81002D46D1 /* main.m in Sources */,
				0BA347C610FD0A81002D46D1 /* AppController.m in Sources */,
				D1C717F4296F57BE00C273F9 /* NSAppleEventDescriptorHelperCategory.m in Sources */,
				D1C717F5296F57BE00C273F9 /* WacomTabletDriver.m in Sources */,
			);
			runOnlyForDeploymentPostprocessing = 0;
		};
/* End PBXSourcesBuildPhase section */

/* Begin PBXVariantGroup section */
		089C165CFE840E0CC02AAC07 /* InfoPlist.strings */ = {
			isa = PBXVariantGroup;
			children = (
				DB2CEDB823A3513B00F519DC /* en */,
			);
			name = InfoPlist.strings;
			sourceTree = "<group>";
		};
		1DDD58140DA1D0A300B32029 /* MainMenu.xib */ = {
			isa = PBXVariantGroup;
			children = (
				DBF4ED1723A3512600F0FB0D /* Base */,
			);
			name = MainMenu.xib;
			sourceTree = "<group>";
		};
/* End PBXVariantGroup section */

/* Begin XCBuildConfiguration section */
		C01FCF4B08A954540054247B /* Debug */ = {
			isa = XCBuildConfiguration;
			buildSettings = {
				ALWAYS_SEARCH_USER_PATHS = NO;
				CLANG_ENABLE_OBJC_ARC = YES;
				CODE_SIGN_ENTITLEMENTS = "Tablet Mapping.entitlements";
				CODE_SIGN_IDENTITY = "-";
				COPY_PHASE_STRIP = NO;
				DEVELOPMENT_TEAM = "";
				ENABLE_HARDENED_RUNTIME = YES;
				GCC_DYNAMIC_NO_PIC = NO;
				GCC_MODEL_TUNING = G5;
				GCC_OPTIMIZATION_LEVEL = 0;
				GCC_PRECOMPILE_PREFIX_HEADER = YES;
				GCC_PREFIX_HEADER = Source/App/TabletMapping_Prefix.pch;
				INFOPLIST_FILE = "TabletMapping-Info.plist";
				INSTALL_PATH = "$(HOME)/Applications";
				MACOSX_DEPLOYMENT_TARGET = 10.12;
				PRODUCT_BUNDLE_IDENTIFIER = com.yourcompany.TabletMapping;
				PRODUCT_NAME = "Tablet Mapping";
				SDKROOT = macosx;
			};
			name = Debug;
		};
		C01FCF4C08A954540054247B /* Release */ = {
			isa = XCBuildConfiguration;
			buildSettings = {
				ALWAYS_SEARCH_USER_PATHS = NO;
				CLANG_ENABLE_OBJC_ARC = YES;
				CODE_SIGN_ENTITLEMENTS = "Tablet Mapping.entitlements";
				CODE_SIGN_IDENTITY = "-";
				DEBUG_INFORMATION_FORMAT = "dwarf-with-dsym";
				DEVELOPMENT_TEAM = "";
				ENABLE_HARDENED_RUNTIME = YES;
				GCC_MODEL_TUNING = G5;
				GCC_PRECOMPILE_PREFIX_HEADER = YES;
				GCC_PREFIX_HEADER = Source/App/TabletMapping_Prefix.pch;
				INFOPLIST_FILE = "TabletMapping-Info.plist";
				INSTALL_PATH = "$(HOME)/Applications";
				MACOSX_DEPLOYMENT_TARGET = 10.12;
				PRODUCT_BUNDLE_IDENTIFIER = com.yourcompany.TabletMapping;
				PRODUCT_NAME = "Tablet Mapping";
				SDKROOT = macosx;
			};
			name = Release;
		};
		C01FCF4F08A954540054247B /* Debug */ = {
			isa = XCBuildConfiguration;
			buildSettings = {
				CLANG_CXX_LIBRARY = "libc++";
				CLANG_WARN_BLOCK_CAPTURE_AUTORELEASING = YES;
				CLANG_WARN_BOOL_CONVERSION = YES;
				CLANG_WARN_COMMA = YES;
				CLANG_WARN_CONSTANT_CONVERSION = YES;
				CLANG_WARN_DEPRECATED_OBJC_IMPLEMENTATIONS = YES;
				CLANG_WARN_EMPTY_BODY = YES;
				CLANG_WARN_ENUM_CONVERSION = YES;
				CLANG_WARN_INFINITE_RECURSION = YES;
				CLANG_WARN_INT_CONVERSION = YES;
				CLANG_WARN_NON_LITERAL_NULL_CONVERSION = YES;
				CLANG_WARN_OBJC_IMPLICIT_RETAIN_SELF = YES;
				CLANG_WARN_OBJC_LITERAL_CONVERSION = YES;
				CLANG_WARN_RANGE_LOOP_ANALYSIS = YES;
				CLANG_WARN_STRICT_PROTOTYPES = YES;
				CLANG_WARN_SUSPICIOUS_MOVE = YES;
				CLANG_WARN_UNREACHABLE_CODE = YES;
				CLANG_WARN__DUPLICATE_METHOD_MATCH = YES;
				ENABLE_STRICT_OBJC_MSGSEND = YES;
				ENABLE_TESTABILITY = YES;
				GCC_C_LANGUAGE_STANDARD = gnu99;
				GCC_NO_COMMON_BLOCKS = YES;
				GCC_OPTIMIZATION_LEVEL = 0;
				GCC_WARN_64_TO_32_BIT_CONVERSION = YES;
				GCC_WARN_ABOUT_RETURN_TYPE = YES;
				GCC_WARN_UNDECLARED_SELECTOR = YES;
				GCC_WARN_UNINITIALIZED_AUTOS = YES;
				GCC_WARN_UNUSED_FUNCTION = YES;
				GCC_WARN_UNUSED_VARIABLE = YES;
				MACOSX_DEPLOYMENT_TARGET = 10.12;
				ONLY_ACTIVE_ARCH = YES;
				SDKROOT = macosx;
				VALID_ARCHS = x86_64;
			};
			name = Debug;
		};
		C01FCF5008A954540054247B /* Release */ = {
			isa = XCBuildConfiguration;
			buildSettings = {
				CLANG_CXX_LIBRARY = "libc++";
				CLANG_WARN_BLOCK_CAPTURE_AUTORELEASING = YES;
				CLANG_WARN_BOOL_CONVERSION = YES;
				CLANG_WARN_COMMA = YES;
				CLANG_WARN_CONSTANT_CONVERSION = YES;
				CLANG_WARN_DEPRECATED_OBJC_IMPLEMENTATIONS = YES;
				CLANG_WARN_EMPTY_BODY = YES;
				CLANG_WARN_ENUM_CONVERSION = YES;
				CLANG_WARN_INFINITE_RECURSION = YES;
				CLANG_WARN_INT_CONVERSION = YES;
				CLANG_WARN_NON_LITERAL_NULL_CONVERSION = YES;
				CLANG_WARN_OBJC_IMPLICIT_RETAIN_SELF = YES;
				CLANG_WARN_OBJC_LITERAL_CONVERSION = YES;
				CLANG_WARN_RANGE_LOOP_ANALYSIS = YES;
				CLANG_WARN_STRICT_PROTOTYPES = YES;
				CLANG_WARN_SUSPICIOUS_MOVE = YES;
				CLANG_WARN_UNREACHABLE_CODE = YES;
				CLANG_WARN__DUPLICATE_METHOD_MATCH = YES;
				ENABLE_STRICT_OBJC_MSGSEND = YES;
				GCC_C_LANGUAGE_STANDARD = gnu99;
				GCC_NO_COMMON_BLOCKS = YES;
				GCC_WARN_64_TO_32_BIT_CONVERSION = YES;
				GCC_WARN_ABOUT_RETURN_TYPE = YES;
				GCC_WARN_UNDECLARED_SELECTOR = YES;
				GCC_WARN_UNINITIALIZED_AUTOS = YES;
				GCC_WARN_UNUSED_FUNCTION = YES;
				GCC_WARN_UNUSED_VARIABLE = YES;
				MACOSX_DEPLOYMENT_TARGET = 10.12;
				SDKROOT = macosx;
				VALID_ARCHS = x86_64;
			};
			name = Release;
		};
/* End XCBuildConfiguration section */

/* Begin XCConfigurationList section */
		C01FCF4A08A954540054247B /* Build configuration list for PBXNativeTarget "Tablet Mapping" */ = {
			isa = XCConfigurationList;
			buildConfigurations = (
				C01FCF4B08A954540054247B /* Debug */,
				C01FCF4C08A954540054247B /* Release */,
			);
			defaultConfigurationIsVisible = 0;
			defaultConfigurationName = Release;
		};
		C01FCF4E08A954540054247B /* Build configuration list for PBXProject "TabletMapping" */ = {
			isa = XCConfigurationList;
			buildConfigurations = (
				C01FCF4F08A954540054247B /* Debug */,
				C01FCF5008A954540054247B /* Release */,
			);
			defaultConfigurationIsVisible = 0;
			defaultConfigurationName = Release;
		};
/* End XCConfigurationList section */
	};
	rootObject = 29B97313FDCFA39411CA2CEA /* Project object */;
}
